
Microsoft Visual Studio Solution File, Format Version 12.00
# Visual Studio Version 16
VisualStudioVersion = 16.0.31321.278
MinimumVisualStudioVersion = 10.0.40219.1
Project("{FAE04EC0-301F-11D3-BF4B-00C04F79EFBC}") = "ZepelimAdm.Api", "src\ZepelimAdm.Api\ZepelimAdm.Api.csproj", "{F8EF04CF-EA21-47AD-A273-B6773B5BD977}"
EndProject
Project("{FAE04EC0-301F-11D3-BF4B-00C04F79EFBC}") = "ZepelimAdm.Business", "src\ZepelimAdm.Business\ZepelimAdm.Business.csproj", "{38C84327-9F22-4936-8D92-0610F35A03D6}"
EndProject
Project("{FAE04EC0-301F-11D3-BF4B-00C04F79EFBC}") = "ZepelimAdm.Data", "src\ZepelimAdm.Data\ZepelimAdm.Data.csproj", "{A7AE33A7-6A96-42D1-BB48-53F7CB6D0F08}"
EndProject
Global
	GlobalSection(SolutionConfigurationPlatforms) = preSolution
		Debug|Any CPU = Debug|Any CPU
		Release|Any CPU = Release|Any CPU
	EndGlobalSection
	GlobalSection(ProjectConfigurationPlatforms) = postSolution
		{F8EF04CF-EA21-47AD-A273-B6773B5BD977}.Debug|Any CPU.ActiveCfg = Debug|Any CPU
		{F8EF04CF-EA21-47AD-A273-B6773B5BD977}.Debug|Any CPU.Build.0 = Debug|Any CPU
		{F8EF04CF-EA21-47AD-A273-B6773B5BD977}.Release|Any CPU.ActiveCfg = Release|Any CPU
		{F8EF04CF-EA21-47AD-A273-B6773B5BD977}.Release|Any CPU.Build.0 = Release|Any CPU
		{38C84327-9F22-4936-8D92-0610F35A03D6}.Debug|Any CPU.ActiveCfg = Debug|Any CPU
		{38C84327-9F22-4936-8D92-0610F35A03D6}.Debug|Any CPU.Build.0 = Debug|Any CPU
		{38C84327-9F22-4936-8D92-0610F35A03D6}.Release|Any CPU.ActiveCfg = Release|Any CPU
		{38C84327-9F22-4936-8D92-0610F35A03D6}.Release|Any CPU.Build.0 = Release|Any CPU
		{A7AE33A7-6A96-42D1-BB48-53F7CB6D0F08}.Debug|Any CPU.ActiveCfg = Debug|Any CPU
		{A7AE33A7-6A96-42D1-BB48-53F7CB6D0F08}.Debug|Any CPU.Build.0 = Debug|Any CPU
		{A7AE33A7-6A96-42D1-BB48-53F7CB6D0F08}.Release|Any CPU.ActiveCfg = Release|Any CPU
		{A7AE33A7-6A96-42D1-BB48-53F7CB6D0F08}.Release|Any CPU.Build.0 = Release|Any CPU
	EndGlobalSection
	GlobalSection(SolutionProperties) = preSolution
		HideSolutionNode = FALSE
	EndGlobalSection
	GlobalSection(ExtensibilityGlobals) = postSolution
		SolutionGuid = {56D110D0-6590-4B45-85EE-CE649F012E54}
	EndGlobalSection
EndGlobal
